
Microsoft Visual Studio Solution File, Format Version 12.00
# Visual Studio Version 17
VisualStudioVersion = 17.9.34728.123
MinimumVisualStudioVersion = 10.0.40219.1
Project("{FAE04EC0-301F-11D3-BF4B-00C04F79EFBC}") = "DA_Lesson6_3", "DA_Lesson6_3.csproj", "{9728972A-6482-4802-BAF1-CEBC1FAB5C1F}"
EndProject
Global
	GlobalSection(SolutionConfigurationPlatforms) = preSolution
		Debug|Any CPU = Debug|Any CPU
		Release|Any CPU = Release|Any CPU
	EndGlobalSection
	GlobalSection(ProjectConfigurationPlatforms) = postSolution
		{9728972A-6482-4802-BAF1-CEBC1FAB5C1F}.Debug|Any CPU.ActiveCfg = Debug|Any CPU
		{9728972A-6482-4802-BAF1-CEBC1FAB5C1F}.Debug|Any CPU.Build.0 = Debug|Any CPU
		{9728972A-6482-4802-BAF1-CEBC1FAB5C1F}.Release|Any CPU.ActiveCfg = Release|Any CPU
		{9728972A-6482-4802-BAF1-CEBC1FAB5C1F}.Release|Any CPU.Build.0 = Release|Any CPU
	EndGlobalSection
	GlobalSection(SolutionProperties) = preSolution
		HideSolutionNode = FALSE
	EndGlobalSection
	GlobalSection(ExtensibilityGlobals) = postSolution
		SolutionGuid = {B8EFD14D-2439-453C-B12A-B220606BE41F}
	EndGlobalSection
EndGlobal
